// !$*UTF8*$!
{
	archiveVersion = 1;
	classes = {
	};
	objectVersion = 56;
	objects = {

/* Begin PBXBuildFile section */
		231759782AF45D3900ADB172 /* fourthViewController.swift in Sources */ = {isa = PBXBuildFile; fileRef = 231759772AF45D3900ADB172 /* fourthViewController.swift */; };
		2317597A2AF45D4300ADB172 /* fifthViewController.swift in Sources */ = {isa = PBXBuildFile; fileRef = 231759792AF45D4300ADB172 /* fifthViewController.swift */; };
		2317597C2AF45E7800ADB172 /* seventhViewController.swift in Sources */ = {isa = PBXBuildFile; fileRef = 2317597B2AF45E7800ADB172 /* seventhViewController.swift */; };
		2317597E2AF45EC000ADB172 /* Property List.plist in Resources */ = {isa = PBXBuildFile; fileRef = 2317597D2AF45EC000ADB172 /* Property List.plist */; };
		23EEB2972AF2FE7C0074875F /* AppDelegate.swift in Sources */ = {isa = PBXBuildFile; fileRef = 23EEB2962AF2FE7C0074875F /* AppDelegate.swift */; };
		23EEB2992AF2FE7C0074875F /* SceneDelegate.swift in Sources */ = {isa = PBXBuildFile; fileRef = 23EEB2982AF2FE7C0074875F /* SceneDelegate.swift */; };
		23EEB29B2AF2FE7C0074875F /* ViewController.swift in Sources */ = {isa = PBXBuildFile; fileRef = 23EEB29A2AF2FE7C0074875F /* ViewController.swift */; };
		23EEB29E2AF2FE7C0074875F /* Main.storyboard in Resources */ = {isa = PBXBuildFile; fileRef = 23EEB29C2AF2FE7C0074875F /* Main.storyboard */; };
		23EEB2A02AF2FE7D0074875F /* Assets.xcassets in Resources */ = {isa = PBXBuildFile; fileRef = 23EEB29F2AF2FE7D0074875F /* Assets.xcassets */; };
		23EEB2A32AF2FE7D0074875F /* LaunchScreen.storyboard in Resources */ = {isa = PBXBuildFile; fileRef = 23EEB2A12AF2FE7D0074875F /* LaunchScreen.storyboard */; };
		23EEB2AE2AF2FE7E0074875F /* CandyReviweAppVer2Tests.swift in Sources */ = {isa = PBXBuildFile; fileRef = 23EEB2AD2AF2FE7E0074875F /* CandyReviweAppVer2Tests.swift */; };
		23EEB2B82AF2FE7E0074875F /* CandyReviweAppVer2UITests.swift in Sources */ = {isa = PBXBuildFile; fileRef = 23EEB2B72AF2FE7E0074875F /* CandyReviweAppVer2UITests.swift */; };
		23EEB2BA2AF2FE7E0074875F /* CandyReviweAppVer2UITestsLaunchTests.swift in Sources */ = {isa = PBXBuildFile; fileRef = 23EEB2B92AF2FE7E0074875F /* CandyReviweAppVer2UITestsLaunchTests.swift */; };
		23EEB2C72AF2FEE60074875F /* secondViewController.swift in Sources */ = {isa = PBXBuildFile; fileRef = 23EEB2C62AF2FEE60074875F /* secondViewController.swift */; };
		23EEB2C92AF2FF160074875F /* thirdViewController.swift in Sources */ = {isa = PBXBuildFile; fileRef = 23EEB2C82AF2FF160074875F /* thirdViewController.swift */; };
		23EEB2CB2AF304E60074875F /* sixthViewController.swift in Sources */ = {isa = PBXBuildFile; fileRef = 23EEB2CA2AF304E60074875F /* sixthViewController.swift */; };
/* End PBXBuildFile section */

/* Begin PBXContainerItemProxy section */
		23EEB2AA2AF2FE7E0074875F /* PBXContainerItemProxy */ = {
			isa = PBXContainerItemProxy;
			containerPortal = 23EEB28B2AF2FE7C0074875F /* Project object */;
			proxyType = 1;
			remoteGlobalIDString = 23EEB2922AF2FE7C0074875F;
			remoteInfo = CandyReviweAppVer2;
		};
		23EEB2B42AF2FE7E0074875F /* PBXContainerItemProxy */ = {
			isa = PBXContainerItemProxy;
			containerPortal = 23EEB28B2AF2FE7C0074875F /* Project object */;
			proxyType = 1;
			remoteGlobalIDString = 23EEB2922AF2FE7C0074875F;
			remoteInfo = CandyReviweAppVer2;
		};
/* End PBXContainerItemProxy section */

/* Begin PBXFileReference section */
		231759772AF45D3900ADB172 /* fourthViewController.swift */ = {isa = PBXFileReference; lastKnownFileType = sourcecode.swift; path = fourthViewController.swift; sourceTree = "<group>"; };
		231759792AF45D4300ADB172 /* fifthViewController.swift */ = {isa = PBXFileReference; lastKnownFileType = sourcecode.swift; path = fifthViewController.swift; sourceTree = "<group>"; };
		2317597B2AF45E7800ADB172 /* seventhViewController.swift */ = {isa = PBXFileReference; lastKnownFileType = sourcecode.swift; path = seventhViewController.swift; sourceTree = "<group>"; };
		2317597D2AF45EC000ADB172 /* Property List.plist */ = {isa = PBXFileReference; lastKnownFileType = text.plist.xml; path = "Property List.plist"; sourceTree = "<group>"; };
		23EEB2932AF2FE7C0074875F /* CandyReviweAppVer2.app */ = {isa = PBXFileReference; explicitFileType = wrapper.application; includeInIndex = 0; path = CandyReviweAppVer2.app; sourceTree = BUILT_PRODUCTS_DIR; };
		23EEB2962AF2FE7C0074875F /* AppDelegate.swift */ = {isa = PBXFileReference; lastKnownFileType = sourcecode.swift; path = AppDelegate.swift; sourceTree = "<group>"; };
		23EEB2982AF2FE7C0074875F /* SceneDelegate.swift */ = {isa = PBXFileReference; lastKnownFileType = sourcecode.swift; path = SceneDelegate.swift; sourceTree = "<group>"; };
		23EEB29A2AF2FE7C0074875F /* ViewController.swift */ = {isa = PBXFileReference; lastKnownFileType = sourcecode.swift; path = ViewController.swift; sourceTree = "<group>"; };
		23EEB29D2AF2FE7C0074875F /* Base */ = {isa = PBXFileReference; lastKnownFileType = file.storyboard; name = Base; path = Base.lproj/Main.storyboard; sourceTree = "<group>"; };
		23EEB29F2AF2FE7D0074875F /* Assets.xcassets */ = {isa = PBXFileReference; lastKnownFileType = folder.assetcatalog; path = Assets.xcassets; sourceTree = "<group>"; };
		23EEB2A22AF2FE7D0074875F /* Base */ = {isa = PBXFileReference; lastKnownFileType = file.storyboard; name = Base; path = Base.lproj/LaunchScreen.storyboard; sourceTree = "<group>"; };
		23EEB2A42AF2FE7D0074875F /* Info.plist */ = {isa = PBXFileReference; lastKnownFileType = text.plist.xml; path = Info.plist; sourceTree = "<group>"; };
		23EEB2A92AF2FE7E0074875F /* CandyReviweAppVer2Tests.xctest */ = {isa = PBXFileReference; explicitFileType = wrapper.cfbundle; includeInIndex = 0; path = CandyReviweAppVer2Tests.xctest; sourceTree = BUILT_PRODUCTS_DIR; };
		23EEB2AD2AF2FE7E0074875F /* CandyReviweAppVer2Tests.swift */ = {isa = PBXFileReference; lastKnownFileType = sourcecode.swift; path = CandyReviweAppVer2Tests.swift; sourceTree = "<group>"; };
		23EEB2B32AF2FE7E0074875F /* CandyReviweAppVer2UITests.xctest */ = {isa = PBXFileReference; explicitFileType = wrapper.cfbundle; includeInIndex = 0; path = CandyReviweAppVer2UITests.xctest; sourceTree = BUILT_PRODUCTS_DIR; };
		23EEB2B72AF2FE7E0074875F /* CandyReviweAppVer2UITests.swift */ = {isa = PBXFileReference; lastKnownFileType = sourcecode.swift; path = CandyReviweAppVer2UITests.swift; sourceTree = "<group>"; };
		23EEB2B92AF2FE7E0074875F /* CandyReviweAppVer2UITestsLaunchTests.swift */ = {isa = PBXFileReference; lastKnownFileType = sourcecode.swift; path = CandyReviweAppVer2UITestsLaunchTests.swift; sourceTree = "<group>"; };
		23EEB2C62AF2FEE60074875F /* secondViewController.swift */ = {isa = PBXFileReference; lastKnownFileType = sourcecode.swift; path = secondViewController.swift; sourceTree = "<group>"; };
		23EEB2C82AF2FF160074875F /* thirdViewController.swift */ = {isa = PBXFileReference; lastKnownFileType = sourcecode.swift; path = thirdViewController.swift; sourceTree = "<group>"; };
		23EEB2CA2AF304E60074875F /* sixthViewController.swift */ = {isa = PBXFileReference; lastKnownFileType = sourcecode.swift; path = sixthViewController.swift; sourceTree = "<group>"; };
/* End PBXFileReference section */

/* Begin PBXFrameworksBuildPhase section */
		23EEB2902AF2FE7C0074875F /* Frameworks */ = {
			isa = PBXFrameworksBuildPhase;
			buildActionMask = 2147483647;
			files = (
			);
			runOnlyForDeploymentPostprocessing = 0;
		};
		23EEB2A62AF2FE7E0074875F /* Frameworks */ = {
			isa = PBXFrameworksBuildPhase;
			buildActionMask = 2147483647;
			files = (
			);
			runOnlyForDeploymentPostprocessing = 0;
		};
		23EEB2B02AF2FE7E0074875F /* Frameworks */ = {
			isa = PBXFrameworksBuildPhase;
			buildActionMask = 2147483647;
			files = (
			);
			runOnlyForDeploymentPostprocessing = 0;
		};
/* End PBXFrameworksBuildPhase section */

/* Begin PBXGroup section */
		23EEB28A2AF2FE7C0074875F = {
			isa = PBXGroup;
			children = (
				23EEB2952AF2FE7C0074875F /* CandyReviweAppVer2 */,
				23EEB2AC2AF2FE7E0074875F /* CandyReviweAppVer2Tests */,
				23EEB2B62AF2FE7E0074875F /* CandyReviweAppVer2UITests */,
				23EEB2942AF2FE7C0074875F /* Products */,
			);
			sourceTree = "<group>";
		};
		23EEB2942AF2FE7C0074875F /* Products */ = {
			isa = PBXGroup;
			children = (
				23EEB2932AF2FE7C0074875F /* CandyReviweAppVer2.app */,
				23EEB2A92AF2FE7E0074875F /* CandyReviweAppVer2Tests.xctest */,
				23EEB2B32AF2FE7E0074875F /* CandyReviweAppVer2UITests.xctest */,
			);
			name = Products;
			sourceTree = "<group>";
		};
		23EEB2952AF2FE7C0074875F /* CandyReviweAppVer2 */ = {
			isa = PBXGroup;
			children = (
				23EEB2962AF2FE7C0074875F /* AppDelegate.swift */,
				23EEB2982AF2FE7C0074875F /* SceneDelegate.swift */,
				23EEB29A2AF2FE7C0074875F /* ViewController.swift */,
				231759772AF45D3900ADB172 /* fourthViewController.swift */,
				231759792AF45D4300ADB172 /* fifthViewController.swift */,
				23EEB29C2AF2FE7C0074875F /* Main.storyboard */,
				2317597D2AF45EC000ADB172 /* Property List.plist */,
				2317597B2AF45E7800ADB172 /* seventhViewController.swift */,
				23EEB2CA2AF304E60074875F /* sixthViewController.swift */,
				23EEB2C82AF2FF160074875F /* thirdViewController.swift */,
				23EEB2C62AF2FEE60074875F /* secondViewController.swift */,
				23EEB29F2AF2FE7D0074875F /* Assets.xcassets */,
				23EEB2A12AF2FE7D0074875F /* LaunchScreen.storyboard */,
				23EEB2A42AF2FE7D0074875F /* Info.plist */,
			);
			path = CandyReviweAppVer2;
			sourceTree = "<group>";
		};
		23EEB2AC2AF2FE7E0074875F /* CandyReviweAppVer2Tests */ = {
			isa = PBXGroup;
			children = (
				23EEB2AD2AF2FE7E0074875F /* CandyReviweAppVer2Tests.swift */,
			);
			path = CandyReviweAppVer2Tests;
			sourceTree = "<group>";
		};
		23EEB2B62AF2FE7E0074875F /* CandyReviweAppVer2UITests */ = {
			isa = PBXGroup;
			children = (
				23EEB2B72AF2FE7E0074875F /* CandyReviweAppVer2UITests.swift */,
				23EEB2B92AF2FE7E0074875F /* CandyReviweAppVer2UITestsLaunchTests.swift */,
			);
			path = CandyReviweAppVer2UITests;
			sourceTree = "<group>";
		};
/* End PBXGroup section */

/* Begin PBXNativeTarget section */
		23EEB2922AF2FE7C0074875F /* CandyReviweAppVer2 */ = {
			isa = PBXNativeTarget;
			buildConfigurationList = 23EEB2BD2AF2FE7E0074875F /* Build configuration list for PBXNativeTarget "CandyReviweAppVer2" */;
			buildPhases = (
				23EEB28F2AF2FE7C0074875F /* Sources */,
				23EEB2902AF2FE7C0074875F /* Frameworks */,
				23EEB2912AF2FE7C0074875F /* Resources */,
			);
			buildRules = (
			);
			dependencies = (
			);
			name = CandyReviweAppVer2;
			productName = CandyReviweAppVer2;
			productReference = 23EEB2932AF2FE7C0074875F /* CandyReviweAppVer2.app */;
			productType = "com.apple.product-type.application";
		};
		23EEB2A82AF2FE7E0074875F /* CandyReviweAppVer2Tests */ = {
			isa = PBXNativeTarget;
			buildConfigurationList = 23EEB2C02AF2FE7E0074875F /* Build configuration list for PBXNativeTarget "CandyReviweAppVer2Tests" */;
			buildPhases = (
				23EEB2A52AF2FE7E0074875F /* Sources */,
				23EEB2A62AF2FE7E0074875F /* Frameworks */,
				23EEB2A72AF2FE7E0074875F /* Resources */,
			);
			buildRules = (
			);
			dependencies = (
				23EEB2AB2AF2FE7E0074875F /* PBXTargetDependency */,
			);
			name = CandyReviweAppVer2Tests;
			productName = CandyReviweAppVer2Tests;
			productReference = 23EEB2A92AF2FE7E0074875F /* CandyReviweAppVer2Tests.xctest */;
			productType = "com.apple.product-type.bundle.unit-test";
		};
		23EEB2B22AF2FE7E0074875F /* CandyReviweAppVer2UITests */ = {
			isa = PBXNativeTarget;
			buildConfigurationList = 23EEB2C32AF2FE7E0074875F /* Build configuration list for PBXNativeTarget "CandyReviweAppVer2UITests" */;
			buildPhases = (
				23EEB2AF2AF2FE7E0074875F /* Sources */,
				23EEB2B02AF2FE7E0074875F /* Frameworks */,
				23EEB2B12AF2FE7E0074875F /* Resources */,
			);
			buildRules = (
			);
			dependencies = (
				23EEB2B52AF2FE7E0074875F /* PBXTargetDependency */,
			);
			name = CandyReviweAppVer2UITests;
			productName = CandyReviweAppVer2UITests;
			productReference = 23EEB2B32AF2FE7E0074875F /* CandyReviweAppVer2UITests.xctest */;
			productType = "com.apple.product-type.bundle.ui-testing";
		};
/* End PBXNativeTarget section */

/* Begin PBXProject section */
		23EEB28B2AF2FE7C0074875F /* Project object */ = {
			isa = PBXProject;
			attributes = {
				BuildIndependentTargetsInParallel = 1;
				LastSwiftUpdateCheck = 1430;
				LastUpgradeCheck = 1430;
				TargetAttributes = {
					23EEB2922AF2FE7C0074875F = {
						CreatedOnToolsVersion = 14.3.1;
					};
					23EEB2A82AF2FE7E0074875F = {
						CreatedOnToolsVersion = 14.3.1;
						TestTargetID = 23EEB2922AF2FE7C0074875F;
					};
					23EEB2B22AF2FE7E0074875F = {
						CreatedOnToolsVersion = 14.3.1;
						TestTargetID = 23EEB2922AF2FE7C0074875F;
					};
				};
			};
			buildConfigurationList = 23EEB28E2AF2FE7C0074875F /* Build configuration list for PBXProject "CandyReviweAppVer2" */;
			compatibilityVersion = "Xcode 14.0";
			developmentRegion = en;
			hasScannedForEncodings = 0;
			knownRegions = (
				en,
				Base,
			);
			mainGroup = 23EEB28A2AF2FE7C0074875F;
			productRefGroup = 23EEB2942AF2FE7C0074875F /* Products */;
			projectDirPath = "";
			projectRoot = "";
			targets = (
				23EEB2922AF2FE7C0074875F /* CandyReviweAppVer2 */,
				23EEB2A82AF2FE7E0074875F /* CandyReviweAppVer2Tests */,
				23EEB2B22AF2FE7E0074875F /* CandyReviweAppVer2UITests */,
			);
		};
/* End PBXProject section */

/* Begin PBXResourcesBuildPhase section */
		23EEB2912AF2FE7C0074875F /* Resources */ = {
			isa = PBXResourcesBuildPhase;
			buildActionMask = 2147483647;
			files = (
				23EEB2A32AF2FE7D0074875F /* LaunchScreen.storyboard in Resources */,
				23EEB2A02AF2FE7D0074875F /* Assets.xcassets in Resources */,
				2317597E2AF45EC000ADB172 /* Property List.plist in Resources */,
				23EEB29E2AF2FE7C0074875F /* Main.storyboard in Resources */,
			);
			runOnlyForDeploymentPostprocessing = 0;
		};
		23EEB2A72AF2FE7E0074875F /* Resources */ = {
			isa = PBXResourcesBuildPhase;
			buildActionMask = 2147483647;
			files = (
			);
			runOnlyForDeploymentPostprocessing = 0;
		};
		23EEB2B12AF2FE7E0074875F /* Resources */ = {
			isa = PBXResourcesBuildPhase;
			buildActionMask = 2147483647;
			files = (
			);
			runOnlyForDeploymentPostprocessing = 0;
		};
/* End PBXResourcesBuildPhase section */

/* Begin PBXSourcesBuildPhase section */
		23EEB28F2AF2FE7C0074875F /* Sources */ = {
			isa = PBXSourcesBuildPhase;
			buildActionMask = 2147483647;
			files = (
				23EEB2C72AF2FEE60074875F /* secondViewController.swift in Sources */,
				23EEB29B2AF2FE7C0074875F /* ViewController.swift in Sources */,
				231759782AF45D3900ADB172 /* fourthViewController.swift in Sources */,
				23EEB2C92AF2FF160074875F /* thirdViewController.swift in Sources */,
				2317597A2AF45D4300ADB172 /* fifthViewController.swift in Sources */,
				23EEB2CB2AF304E60074875F /* sixthViewController.swift in Sources */,
				23EEB2972AF2FE7C0074875F /* AppDelegate.swift in Sources */,
				2317597C2AF45E7800ADB172 /* seventhViewController.swift in Sources */,
				23EEB2992AF2FE7C0074875F /* SceneDelegate.swift in Sources */,
			);
			runOnlyForDeploymentPostprocessing = 0;
		};
		23EEB2A52AF2FE7E0074875F /* Sources */ = {
			isa = PBXSourcesBuildPhase;
			buildActionMask = 2147483647;
			files = (
				23EEB2AE2AF2FE7E0074875F /* CandyReviweAppVer2Tests.swift in Sources */,
			);
			runOnlyForDeploymentPostprocessing = 0;
		};
		23EEB2AF2AF2FE7E0074875F /* Sources */ = {
			isa = PBXSourcesBuildPhase;
			buildActionMask = 2147483647;
			files = (
				23EEB2B82AF2FE7E0074875F /* CandyReviweAppVer2UITests.swift in Sources */,
				23EEB2BA2AF2FE7E0074875F /* CandyReviweAppVer2UITestsLaunchTests.swift in Sources */,
			);
			runOnlyForDeploymentPostprocessing = 0;
		};
/* End PBXSourcesBuildPhase section */

/* Begin PBXTargetDependency section */
		23EEB2AB2AF2FE7E0074875F /* PBXTargetDependency */ = {
			isa = PBXTargetDependency;
			target = 23EEB2922AF2FE7C0074875F /* CandyReviweAppVer2 */;
			targetProxy = 23EEB2AA2AF2FE7E0074875F /* PBXContainerItemProxy */;
		};
		23EEB2B52AF2FE7E0074875F /* PBXTargetDependency */ = {
			isa = PBXTargetDependency;
			target = 23EEB2922AF2FE7C0074875F /* CandyReviweAppVer2 */;
			targetProxy = 23EEB2B42AF2FE7E0074875F /* PBXContainerItemProxy */;
		};
/* End PBXTargetDependency section */

/* Begin PBXVariantGroup section */
		23EEB29C2AF2FE7C0074875F /* Main.storyboard */ = {
			isa = PBXVariantGroup;
			children = (
				23EEB29D2AF2FE7C0074875F /* Base */,
			);
			name = Main.storyboard;
			sourceTree = "<group>";
		};
		23EEB2A12AF2FE7D0074875F /* LaunchScreen.storyboard */ = {
			isa = PBXVariantGroup;
			children = (
				23EEB2A22AF2FE7D0074875F /* Base */,
			);
			name = LaunchScreen.storyboard;
			sourceTree = "<group>";
		};
/* End PBXVariantGroup section */

/* Begin XCBuildConfiguration section */
		23EEB2BB2AF2FE7E0074875F /* Debug */ = {
			isa = XCBuildConfiguration;
			buildSettings = {
				ALWAYS_SEARCH_USER_PATHS = NO;
				CLANG_ANALYZER_NONNULL = YES;
				CLANG_ANALYZER_NUMBER_OBJECT_CONVERSION = YES_AGGRESSIVE;
				CLANG_CXX_LANGUAGE_STANDARD = "gnu++20";
				CLANG_ENABLE_MODULES = YES;
				CLANG_ENABLE_OBJC_ARC = YES;
				CLANG_ENABLE_OBJC_WEAK = YES;
				CLANG_WARN_BLOCK_CAPTURE_AUTORELEASING = YES;
				CLANG_WARN_BOOL_CONVERSION = YES;
				CLANG_WARN_COMMA = YES;
				CLANG_WARN_CONSTANT_CONVERSION = YES;
				CLANG_WARN_DEPRECATED_OBJC_IMPLEMENTATIONS = YES;
				CLANG_WARN_DIRECT_OBJC_ISA_USAGE = YES_ERROR;
				CLANG_WARN_DOCUMENTATION_COMMENTS = YES;
				CLANG_WARN_EMPTY_BODY = YES;
				CLANG_WARN_ENUM_CONVERSION = YES;
				CLANG_WARN_INFINITE_RECURSION = YES;
				CLANG_WARN_INT_CONVERSION = YES;
				CLANG_WARN_NON_LITERAL_NULL_CONVERSION = YES;
				CLANG_WARN_OBJC_IMPLICIT_RETAIN_SELF = YES;
				CLANG_WARN_OBJC_LITERAL_CONVERSION = YES;
				CLANG_WARN_OBJC_ROOT_CLASS = YES_ERROR;
				CLANG_WARN_QUOTED_INCLUDE_IN_FRAMEWORK_HEADER = YES;
				CLANG_WARN_RANGE_LOOP_ANALYSIS = YES;
				CLANG_WARN_STRICT_PROTOTYPES = YES;
				CLANG_WARN_SUSPICIOUS_MOVE = YES;
				CLANG_WARN_UNGUARDED_AVAILABILITY = YES_AGGRESSIVE;
				CLANG_WARN_UNREACHABLE_CODE = YES;
				CLANG_WARN__DUPLICATE_METHOD_MATCH = YES;
				COPY_PHASE_STRIP = NO;
				DEBUG_INFORMATION_FORMAT = dwarf;
				ENABLE_STRICT_OBJC_MSGSEND = YES;
				ENABLE_TESTABILITY = YES;
				GCC_C_LANGUAGE_STANDARD = gnu11;
				GCC_DYNAMIC_NO_PIC = NO;
				GCC_NO_COMMON_BLOCKS = YES;
				GCC_OPTIMIZATION_LEVEL = 0;
				GCC_PREPROCESSOR_DEFINITIONS = (
					"DEBUG=1",
					"$(inherited)",
				);
				GCC_WARN_64_TO_32_BIT_CONVERSION = YES;
				GCC_WARN_ABOUT_RETURN_TYPE = YES_ERROR;
				GCC_WARN_UNDECLARED_SELECTOR = YES;
				GCC_WARN_UNINITIALIZED_AUTOS = YES_AGGRESSIVE;
				GCC_WARN_UNUSED_FUNCTION = YES;
				GCC_WARN_UNUSED_VARIABLE = YES;
				IPHONEOS_DEPLOYMENT_TARGET = 16.4;
				MTL_ENABLE_DEBUG_INFO = INCLUDE_SOURCE;
				MTL_FAST_MATH = YES;
				ONLY_ACTIVE_ARCH = YES;
				SDKROOT = iphoneos;
				SWIFT_ACTIVE_COMPILATION_CONDITIONS = DEBUG;
				SWIFT_OPTIMIZATION_LEVEL = "-Onone";
			};
			name = Debug;
		};
		23EEB2BC2AF2FE7E0074875F /* Release */ = {
			isa = XCBuildConfiguration;
			buildSettings = {
				ALWAYS_SEARCH_USER_PATHS = NO;
				CLANG_ANALYZER_NONNULL = YES;
				CLANG_ANALYZER_NUMBER_OBJECT_CONVERSION = YES_AGGRESSIVE;
				CLANG_CXX_LANGUAGE_STANDARD = "gnu++20";
				CLANG_ENABLE_MODULES = YES;
				CLANG_ENABLE_OBJC_ARC = YES;
				CLANG_ENABLE_OBJC_WEAK = YES;
				CLANG_WARN_BLOCK_CAPTURE_AUTORELEASING = YES;
				CLANG_WARN_BOOL_CONVERSION = YES;
				CLANG_WARN_COMMA = YES;
				CLANG_WARN_CONSTANT_CONVERSION = YES;
				CLANG_WARN_DEPRECATED_OBJC_IMPLEMENTATIONS = YES;
				CLANG_WARN_DIRECT_OBJC_ISA_USAGE = YES_ERROR;
				CLANG_WARN_DOCUMENTATION_COMMENTS = YES;
				CLANG_WARN_EMPTY_BODY = YES;
				CLANG_WARN_ENUM_CONVERSION = YES;
				CLANG_WARN_INFINITE_RECURSION = YES;
				CLANG_WARN_INT_CONVERSION = YES;
				CLANG_WARN_NON_LITERAL_NULL_CONVERSION = YES;
				CLANG_WARN_OBJC_IMPLICIT_RETAIN_SELF = YES;
				CLANG_WARN_OBJC_LITERAL_CONVERSION = YES;
				CLANG_WARN_OBJC_ROOT_CLASS = YES_ERROR;
				CLANG_WARN_QUOTED_INCLUDE_IN_FRAMEWORK_HEADER = YES;
				CLANG_WARN_RANGE_LOOP_ANALYSIS = YES;
				CLANG_WARN_STRICT_PROTOTYPES = YES;
				CLANG_WARN_SUSPICIOUS_MOVE = YES;
				CLANG_WARN_UNGUARDED_AVAILABILITY = YES_AGGRESSIVE;
				CLANG_WARN_UNREACHABLE_CODE = YES;
				CLANG_WARN__DUPLICATE_METHOD_MATCH = YES;
				COPY_PHASE_STRIP = NO;
				DEBUG_INFORMATION_FORMAT = "dwarf-with-dsym";
				ENABLE_NS_ASSERTIONS = NO;
				ENABLE_STRICT_OBJC_MSGSEND = YES;
				GCC_C_LANGUAGE_STANDARD = gnu11;
				GCC_NO_COMMON_BLOCKS = YES;
				GCC_WARN_64_TO_32_BIT_CONVERSION = YES;
				GCC_WARN_ABOUT_RETURN_TYPE = YES_ERROR;
				GCC_WARN_UNDECLARED_SELECTOR = YES;
				GCC_WARN_UNINITIALIZED_AUTOS = YES_AGGRESSIVE;
				GCC_WARN_UNUSED_FUNCTION = YES;
				GCC_WARN_UNUSED_VARIABLE = YES;
				IPHONEOS_DEPLOYMENT_TARGET = 16.4;
				MTL_ENABLE_DEBUG_INFO = NO;
				MTL_FAST_MATH = YES;
				SDKROOT = iphoneos;
				SWIFT_COMPILATION_MODE = wholemodule;
				SWIFT_OPTIMIZATION_LEVEL = "-O";
				VALIDATE_PRODUCT = YES;
			};
			name = Release;
		};
		23EEB2BE2AF2FE7E0074875F /* Debug */ = {
			isa = XCBuildConfiguration;
			buildSettings = {
				ASSETCATALOG_COMPILER_APPICON_NAME = AppIcon;
				ASSETCATALOG_COMPILER_GLOBAL_ACCENT_COLOR_NAME = AccentColor;
				CODE_SIGN_STYLE = Automatic;
				CURRENT_PROJECT_VERSION = 1;
				DEVELOPMENT_TEAM = SS493YKAUL;
				GENERATE_INFOPLIST_FILE = YES;
				INFOPLIST_FILE = CandyReviweAppVer2/Info.plist;
				INFOPLIST_KEY_UIApplicationSupportsIndirectInputEvents = YES;
				INFOPLIST_KEY_UILaunchStoryboardName = LaunchScreen;
				INFOPLIST_KEY_UIMainStoryboardFile = Main;
				INFOPLIST_KEY_UISupportedInterfaceOrientations_iPad = "UIInterfaceOrientationPortrait UIInterfaceOrientationPortraitUpsideDown UIInterfaceOrientationLandscapeLeft UIInterfaceOrientationLandscapeRight";
				INFOPLIST_KEY_UISupportedInterfaceOrientations_iPhone = "UIInterfaceOrientationPortrait UIInterfaceOrientationLandscapeLeft UIInterfaceOrientationLandscapeRight";
				LD_RUNPATH_SEARCH_PATHS = (
					"$(inherited)",
					"@executable_path/Frameworks",
				);
				MARKETING_VERSION = 1.0;
				PRODUCT_BUNDLE_IDENTIFIER = UHWO.CandyReviweAppVer2;
				PRODUCT_NAME = "$(TARGET_NAME)";
				SWIFT_EMIT_LOC_STRINGS = YES;
				SWIFT_VERSION = 5.0;
				TARGETED_DEVICE_FAMILY = "1,2";
			};
			name = Debug;
		};
		23EEB2BF2AF2FE7E0074875F /* Release */ = {
			isa = XCBuildConfiguration;
			buildSettings = {
				ASSETCATALOG_COMPILER_APPICON_NAME = AppIcon;
				ASSETCATALOG_COMPILER_GLOBAL_ACCENT_COLOR_NAME = AccentColor;
				CODE_SIGN_STYLE = Automatic;
				CURRENT_PROJECT_VERSION = 1;
				DEVELOPMENT_TEAM = SS493YKAUL;
				GENERATE_INFOPLIST_FILE = YES;
				INFOPLIST_FILE = CandyReviweAppVer2/Info.plist;
				INFOPLIST_KEY_UIApplicationSupportsIndirectInputEvents = YES;
				INFOPLIST_KEY_UILaunchStoryboardName = LaunchScreen;
				INFOPLIST_KEY_UIMainStoryboardFile = Main;
				INFOPLIST_KEY_UISupportedInterfaceOrientations_iPad = "UIInterfaceOrientationPortrait UIInterfaceOrientationPortraitUpsideDown UIInterfaceOrientationLandscapeLeft UIInterfaceOrientationLandscapeRight";
				INFOPLIST_KEY_UISupportedInterfaceOrientations_iPhone = "UIInterfaceOrientationPortrait UIInterfaceOrientationLandscapeLeft UIInterfaceOrientationLandscapeRight";
				LD_RUNPATH_SEARCH_PATHS = (
					"$(inherited)",
					"@executable_path/Frameworks",
				);
				MARKETING_VERSION = 1.0;
				PRODUCT_BUNDLE_IDENTIFIER = UHWO.CandyReviweAppVer2;
				PRODUCT_NAME = "$(TARGET_NAME)";
				SWIFT_EMIT_LOC_STRINGS = YES;
				SWIFT_VERSION = 5.0;
				TARGETED_DEVICE_FAMILY = "1,2";
			};
			name = Release;
		};
		23EEB2C12AF2FE7E0074875F /* Debug */ = {
			isa = XCBuildConfiguration;
			buildSettings = {
				ALWAYS_EMBED_SWIFT_STANDARD_LIBRARIES = YES;
				BUNDLE_LOADER = "$(TEST_HOST)";
				CODE_SIGN_STYLE = Automatic;
				CURRENT_PROJECT_VERSION = 1;
				DEVELOPMENT_TEAM = SS493YKAUL;
				GENERATE_INFOPLIST_FILE = YES;
				IPHONEOS_DEPLOYMENT_TARGET = 16.4;
				MARKETING_VERSION = 1.0;
				PRODUCT_BUNDLE_IDENTIFIER = UHWO.CandyReviweAppVer2Tests;
				PRODUCT_NAME = "$(TARGET_NAME)";
				SWIFT_EMIT_LOC_STRINGS = NO;
				SWIFT_VERSION = 5.0;
				TARGETED_DEVICE_FAMILY = "1,2";
				TEST_HOST = "$(BUILT_PRODUCTS_DIR)/CandyReviweAppVer2.app/$(BUNDLE_EXECUTABLE_FOLDER_PATH)/CandyReviweAppVer2";
			};
			name = Debug;
		};
		23EEB2C22AF2FE7E0074875F /* Release */ = {
			isa = XCBuildConfiguration;
			buildSettings = {
				ALWAYS_EMBED_SWIFT_STANDARD_LIBRARIES = YES;
				BUNDLE_LOADER = "$(TEST_HOST)";
				CODE_SIGN_STYLE = Automatic;
				CURRENT_PROJECT_VERSION = 1;
				DEVELOPMENT_TEAM = SS493YKAUL;
				GENERATE_INFOPLIST_FILE = YES;
				IPHONEOS_DEPLOYMENT_TARGET = 16.4;
				MARKETING_VERSION = 1.0;
				PRODUCT_BUNDLE_IDENTIFIER = UHWO.CandyReviweAppVer2Tests;
				PRODUCT_NAME = "$(TARGET_NAME)";
				SWIFT_EMIT_LOC_STRINGS = NO;
				SWIFT_VERSION = 5.0;
				TARGETED_DEVICE_FAMILY = "1,2";
				TEST_HOST = "$(BUILT_PRODUCTS_DIR)/CandyReviweAppVer2.app/$(BUNDLE_EXECUTABLE_FOLDER_PATH)/CandyReviweAppVer2";
			};
			name = Release;
		};
		23EEB2C42AF2FE7E0074875F /* Debug */ = {
			isa = XCBuildConfiguration;
			buildSettings = {
				ALWAYS_EMBED_SWIFT_STANDARD_LIBRARIES = YES;
				CODE_SIGN_STYLE = Automatic;
				CURRENT_PROJECT_VERSION = 1;
				DEVELOPMENT_TEAM = SS493YKAUL;
				GENERATE_INFOPLIST_FILE = YES;
				MARKETING_VERSION = 1.0;
				PRODUCT_BUNDLE_IDENTIFIER = UHWO.CandyReviweAppVer2UITests;
				PRODUCT_NAME = "$(TARGET_NAME)";
				SWIFT_EMIT_LOC_STRINGS = NO;
				SWIFT_VERSION = 5.0;
				TARGETED_DEVICE_FAMILY = "1,2";
				TEST_TARGET_NAME = CandyReviweAppVer2;
			};
			name = Debug;
		};
		23EEB2C52AF2FE7E0074875F /* Release */ = {
			isa = XCBuildConfiguration;
			buildSettings = {
				ALWAYS_EMBED_SWIFT_STANDARD_LIBRARIES = YES;
				CODE_SIGN_STYLE = Automatic;
				CURRENT_PROJECT_VERSION = 1;
				DEVELOPMENT_TEAM = SS493YKAUL;
				GENERATE_INFOPLIST_FILE = YES;
				MARKETING_VERSION = 1.0;
				PRODUCT_BUNDLE_IDENTIFIER = UHWO.CandyReviweAppVer2UITests;
				PRODUCT_NAME = "$(TARGET_NAME)";
				SWIFT_EMIT_LOC_STRINGS = NO;
				SWIFT_VERSION = 5.0;
				TARGETED_DEVICE_FAMILY = "1,2";
				TEST_TARGET_NAME = CandyReviweAppVer2;
			};
			name = Release;
		};
/* End XCBuildConfiguration section */

/* Begin XCConfigurationList section */
		23EEB28E2AF2FE7C0074875F /* Build configuration list for PBXProject "CandyReviweAppVer2" */ = {
			isa = XCConfigurationList;
			buildConfigurations = (
				23EEB2BB2AF2FE7E0074875F /* Debug */,
				23EEB2BC2AF2FE7E0074875F /* Release */,
			);
			defaultConfigurationIsVisible = 0;
			defaultConfigurationName = Release;
		};
		23EEB2BD2AF2FE7E0074875F /* Build configuration list for PBXNativeTarget "CandyReviweAppVer2" */ = {
			isa = XCConfigurationList;
			buildConfigurations = (
				23EEB2BE2AF2FE7E0074875F /* Debug */,
				23EEB2BF2AF2FE7E0074875F /* Release */,
			);
			defaultConfigurationIsVisible = 0;
			defaultConfigurationName = Release;
		};
		23EEB2C02AF2FE7E0074875F /* Build configuration list for PBXNativeTarget "CandyReviweAppVer2Tests" */ = {
			isa = XCConfigurationList;
			buildConfigurations = (
				23EEB2C12AF2FE7E0074875F /* Debug */,
				23EEB2C22AF2FE7E0074875F /* Release */,
			);
			defaultConfigurationIsVisible = 0;
			defaultConfigurationName = Release;
		};
		23EEB2C32AF2FE7E0074875F /* Build configuration list for PBXNativeTarget "CandyReviweAppVer2UITests" */ = {
			isa = XCConfigurationList;
			buildConfigurations = (
				23EEB2C42AF2FE7E0074875F /* Debug */,
				23EEB2C52AF2FE7E0074875F /* Release */,
			);
			defaultConfigurationIsVisible = 0;
			defaultConfigurationName = Release;
		};
/* End XCConfigurationList section */
	};
	rootObject = 23EEB28B2AF2FE7C0074875F /* Project object */;
}
